Microsoft Visual Studio Solution File, Format Version 10.00
# Visual Studio 2008
Project("{FAE04EC0-301F-11D3-BF4B-00C04F79EFBC}") = "Editor.BE", "Editor.BE\Editor.BE.csproj", "{E9DC88C5-6F2D-4AEA-B8A8-8294DE0B63DA}"
EndProject
Project("{FAE04EC0-301F-11D3-BF4B-00C04F79EFBC}") = "Editor.BL", "Editor.BL\Editor.BL.csproj", "{946A0338-7614-4839-91EA-1FFA6B3A4E6D}"
EndProject
Project("{FAE04EC0-301F-11D3-BF4B-00C04F79EFBC}") = "Editor.Web", "Editor.WEB\Editor.Web.csproj", "{D9349400-46D5-4DF9-BE2D-66D76904F718}"
EndProject
Project("{FAE04EC0-301F-11D3-BF4B-00C04F79EFBC}") = "SyrinxCkEditor", "SyrinxCkEditor\SyrinxCkEditor.csproj", "{335995EE-B802-4736-A858-A68666D872B6}"
EndProject
Project("{FAE04EC0-301F-11D3-BF4B-00C04F79EFBC}") = "Editor.Services", "Editor.Services\Editor.Services.csproj", "{7811F6BE-98A3-446C-B531-919DD364683B}"
EndProject
Project("{FAE04EC0-301F-11D3-BF4B-00C04F79EFBC}") = "Editor.DTO", "Editor.DTO\Editor.DTO.csproj", "{39B7C8A9-4B69-4707-95A4-723016399B81}"
EndProject
Project("{2150E333-8FDC-42A3-9474-1A3956D46DE8}") = "Test", "Test", "{FAFEA76B-2201-4202-A66C-60973C4810A9}"
EndProject
Project("{FAE04EC0-301F-11D3-BF4B-00C04F79EFBC}") = "Editor.TestServices", "Editor.TestServices\Editor.TestServices.csproj", "{CF730E92-F2C6-4A30-9BC5-29BA7105A617}"
EndProject
Project("{2150E333-8FDC-42A3-9474-1A3956D46DE8}") = "Solution Items", "Solution Items", "{D823EDAA-5E59-4EF7-94A7-193F239849D3}"
	ProjectSection(SolutionItems) = preProject
		Editor.vsmdi = Editor.vsmdi
		LocalTestRun.testrunconfig = LocalTestRun.testrunconfig
	EndProjectSection
EndProject
Project("{FAE04EC0-301F-11D3-BF4B-00C04F79EFBC}") = "Editor.Helper", "Editor.Helper\Editor.Helper.csproj", "{25540E93-D786-48B9-BCFB-B8D802BDFE23}"
EndProject
Global
	GlobalSection(TestCaseManagementSettings) = postSolution
		CategoryFile = Editor.vsmdi
	EndGlobalSection
	GlobalSection(SolutionConfigurationPlatforms) = preSolution
		Debug|Any CPU = Debug|Any CPU
		Release|Any CPU = Release|Any CPU
	EndGlobalSection
	GlobalSection(ProjectConfigurationPlatforms) = postSolution
		{E9DC88C5-6F2D-4AEA-B8A8-8294DE0B63DA}.Debug|Any CPU.ActiveCfg = Debug|Any CPU
		{E9DC88C5-6F2D-4AEA-B8A8-8294DE0B63DA}.Debug|Any CPU.Build.0 = Debug|Any CPU
		{E9DC88C5-6F2D-4AEA-B8A8-8294DE0B63DA}.Release|Any CPU.ActiveCfg = Release|Any CPU
		{E9DC88C5-6F2D-4AEA-B8A8-8294DE0B63DA}.Release|Any CPU.Build.0 = Release|Any CPU
		{946A0338-7614-4839-91EA-1FFA6B3A4E6D}.Debug|Any CPU.ActiveCfg = Debug|Any CPU
		{946A0338-7614-4839-91EA-1FFA6B3A4E6D}.Debug|Any CPU.Build.0 = Debug|Any CPU
		{946A0338-7614-4839-91EA-1FFA6B3A4E6D}.Release|Any CPU.ActiveCfg = Release|Any CPU
		{946A0338-7614-4839-91EA-1FFA6B3A4E6D}.Release|Any CPU.Build.0 = Release|Any CPU
		{D9349400-46D5-4DF9-BE2D-66D76904F718}.Debug|Any CPU.ActiveCfg = Debug|Any CPU
		{D9349400-46D5-4DF9-BE2D-66D76904F718}.Debug|Any CPU.Build.0 = Debug|Any CPU
		{D9349400-46D5-4DF9-BE2D-66D76904F718}.Release|Any CPU.ActiveCfg = Release|Any CPU
		{D9349400-46D5-4DF9-BE2D-66D76904F718}.Release|Any CPU.Build.0 = Release|Any CPU
		{335995EE-B802-4736-A858-A68666D872B6}.Debug|Any CPU.ActiveCfg = Debug|Any CPU
		{335995EE-B802-4736-A858-A68666D872B6}.Debug|Any CPU.Build.0 = Debug|Any CPU
		{335995EE-B802-4736-A858-A68666D872B6}.Release|Any CPU.ActiveCfg = Release|Any CPU
		{335995EE-B802-4736-A858-A68666D872B6}.Release|Any CPU.Build.0 = Release|Any CPU
		{7811F6BE-98A3-446C-B531-919DD364683B}.Debug|Any CPU.ActiveCfg = Debug|Any CPU
		{7811F6BE-98A3-446C-B531-919DD364683B}.Debug|Any CPU.Build.0 = Debug|Any CPU
		{7811F6BE-98A3-446C-B531-919DD364683B}.Release|Any CPU.ActiveCfg = Release|Any CPU
		{7811F6BE-98A3-446C-B531-919DD364683B}.Release|Any CPU.Build.0 = Release|Any CPU
		{39B7C8A9-4B69-4707-95A4-723016399B81}.Debug|Any CPU.ActiveCfg = Debug|Any CPU
		{39B7C8A9-4B69-4707-95A4-723016399B81}.Debug|Any CPU.Build.0 = Debug|Any CPU
		{39B7C8A9-4B69-4707-95A4-723016399B81}.Release|Any CPU.ActiveCfg = Release|Any CPU
		{39B7C8A9-4B69-4707-95A4-723016399B81}.Release|Any CPU.Build.0 = Release|Any CPU
		{CF730E92-F2C6-4A30-9BC5-29BA7105A617}.Debug|Any CPU.ActiveCfg = Debug|Any CPU
		{CF730E92-F2C6-4A30-9BC5-29BA7105A617}.Debug|Any CPU.Build.0 = Debug|Any CPU
		{CF730E92-F2C6-4A30-9BC5-29BA7105A617}.Release|Any CPU.ActiveCfg = Release|Any CPU
		{CF730E92-F2C6-4A30-9BC5-29BA7105A617}.Release|Any CPU.Build.0 = Release|Any CPU
		{25540E93-D786-48B9-BCFB-B8D802BDFE23}.Debug|Any CPU.ActiveCfg = Debug|Any CPU
		{25540E93-D786-48B9-BCFB-B8D802BDFE23}.Debug|Any CPU.Build.0 = Debug|Any CPU
		{25540E93-D786-48B9-BCFB-B8D802BDFE23}.Release|Any CPU.ActiveCfg = Release|Any CPU
		{25540E93-D786-48B9-BCFB-B8D802BDFE23}.Release|Any CPU.Build.0 = Release|Any CPU
	EndGlobalSection
	GlobalSection(SolutionProperties) = preSolution
		HideSolutionNode = FALSE
	EndGlobalSection
	GlobalSection(NestedProjects) = preSolution
		{CF730E92-F2C6-4A30-9BC5-29BA7105A617} = {FAFEA76B-2201-4202-A66C-60973C4810A9}
		{D823EDAA-5E59-4EF7-94A7-193F239849D3} = {FAFEA76B-2201-4202-A66C-60973C4810A9}
	EndGlobalSection
EndGlobal
