
Microsoft Visual Studio Solution File, Format Version 10.00
# Visual Studio 2008
Project("{2150E333-8FDC-42A3-9474-1A3956D46DE8}") = "wwwroot", "wwwroot", "{2474427C-FA3B-41B6-858E-4BDBE1990F57}"
EndProject
Project("{FAE04EC0-301F-11D3-BF4B-00C04F79EFBC}") = "MysticEditorSample.WebSite", "MysticEditorSample.WebSite\MysticEditorSample.WebSite.csproj", "{DB1D94B4-17BF-4292-B979-C2B9A36C4877}"
EndProject
Global
	GlobalSection(SolutionConfigurationPlatforms) = preSolution
		Debug|Any CPU = Debug|Any CPU
		Release|Any CPU = Release|Any CPU
	EndGlobalSection
	GlobalSection(ProjectConfigurationPlatforms) = postSolution
		{DB1D94B4-17BF-4292-B979-C2B9A36C4877}.Debug|Any CPU.ActiveCfg = Debug|Any CPU
		{DB1D94B4-17BF-4292-B979-C2B9A36C4877}.Debug|Any CPU.Build.0 = Debug|Any CPU
		{DB1D94B4-17BF-4292-B979-C2B9A36C4877}.Release|Any CPU.ActiveCfg = Release|Any CPU
		{DB1D94B4-17BF-4292-B979-C2B9A36C4877}.Release|Any CPU.Build.0 = Release|Any CPU
	EndGlobalSection
	GlobalSection(SolutionProperties) = preSolution
		HideSolutionNode = FALSE
	EndGlobalSection
	GlobalSection(NestedProjects) = preSolution
		{DB1D94B4-17BF-4292-B979-C2B9A36C4877} = {2474427C-FA3B-41B6-858E-4BDBE1990F57}
	EndGlobalSection
EndGlobal
